
Microsoft Visual Studio Solution File, Format Version 12.00
# Visual Studio 2012
Project("{FAE04EC0-301F-11D3-BF4B-00C04F79EFBC}") = "SiteMVC", "SiteMVC\SiteMVC.csproj", "{BEEFAE7C-DFE9-423F-9F0A-5B5D7D9DB5CB}"
EndProject
Global
	GlobalSection(SolutionConfigurationPlatforms) = preSolution
		Debug|Any CPU = Debug|Any CPU
		Release|Any CPU = Release|Any CPU
	EndGlobalSection
	GlobalSection(ProjectConfigurationPlatforms) = postSolution
		{BEEFAE7C-DFE9-423F-9F0A-5B5D7D9DB5CB}.Debug|Any CPU.ActiveCfg = Debug|Any CPU
		{BEEFAE7C-DFE9-423F-9F0A-5B5D7D9DB5CB}.Debug|Any CPU.Build.0 = Debug|Any CPU
		{BEEFAE7C-DFE9-423F-9F0A-5B5D7D9DB5CB}.Release|Any CPU.ActiveCfg = Release|Any CPU
		{BEEFAE7C-DFE9-423F-9F0A-5B5D7D9DB5CB}.Release|Any CPU.Build.0 = Release|Any CPU
	EndGlobalSection
	GlobalSection(SolutionProperties) = preSolution
		HideSolutionNode = FALSE
	EndGlobalSection
EndGlobal
